// !$*UTF8*$!
{
	archiveVersion = 1;
	classes = {
	};
	objectVersion = 50;
	objects = {

/* Begin PBXBuildFile section */
		BD1ED71F276040F200F22B0B /* EssentialFeedAPIEndToEndTests.swift in Sources */ = {isa = PBXBuildFile; fileRef = BD1ED71E276040F200F22B0B /* EssentialFeedAPIEndToEndTests.swift */; };
		BD1ED721276040F200F22B0B /* EssentialFeed.framework in Frameworks */ = {isa = PBXBuildFile; fileRef = BD5F5CD827320D8D00FB7CB6 /* EssentialFeed.framework */; };
		BD1F095827321115000256B6 /* FeedLoader.swift in Sources */ = {isa = PBXBuildFile; fileRef = BD1F095727321115000256B6 /* FeedLoader.swift */; };
		BD1F095C2734B3E4000256B6 /* RemoteFeedLoaderTests.swift in Sources */ = {isa = PBXBuildFile; fileRef = BD1F095B2734B3E4000256B6 /* RemoteFeedLoaderTests.swift */; };
		BD36DD9D27589E9300C97081 /* URLSessionHTTPClientTests.swift in Sources */ = {isa = PBXBuildFile; fileRef = BD36DD9C27589E9300C97081 /* URLSessionHTTPClientTests.swift */; };
		BD458807273F5C66007B7EC8 /* HTTPClient.swift in Sources */ = {isa = PBXBuildFile; fileRef = BD458806273F5C66007B7EC8 /* HTTPClient.swift */; };
		BD45880B273F5CB3007B7EC8 /* FeedItemsMapper.swift in Sources */ = {isa = PBXBuildFile; fileRef = BD45880A273F5CB3007B7EC8 /* FeedItemsMapper.swift */; };
		BD5F5CE227320D8D00FB7CB6 /* EssentialFeed.framework in Frameworks */ = {isa = PBXBuildFile; fileRef = BD5F5CD827320D8D00FB7CB6 /* EssentialFeed.framework */; };
		BD5F5CE727320D8D00FB7CB6 /* EssentialFeedTests.swift in Sources */ = {isa = PBXBuildFile; fileRef = BD5F5CE627320D8D00FB7CB6 /* EssentialFeedTests.swift */; };
		BD5F5CE927320D8D00FB7CB6 /* EssentialFeed.h in Headers */ = {isa = PBXBuildFile; fileRef = BD5F5CDB27320D8D00FB7CB6 /* EssentialFeed.h */; settings = {ATTRIBUTES = (Public, ); }; };
		BD5F5CF527320EB800FB7CB6 /* FeedItem.swift in Sources */ = {isa = PBXBuildFile; fileRef = BD5F5CF427320EB800FB7CB6 /* FeedItem.swift */; };
		BD979BC4275F3037005249AC /* XCTestCase+MemoryLeakTracking.swift in Sources */ = {isa = PBXBuildFile; fileRef = BD979BC3275F3037005249AC /* XCTestCase+MemoryLeakTracking.swift */; };
		BD979BCA275F8CF0005249AC /* URLSessionHTTPClient.swift in Sources */ = {isa = PBXBuildFile; fileRef = BD979BC9275F8CF0005249AC /* URLSessionHTTPClient.swift */; };
		BDB95B3127364D5300E07163 /* RemoteFeedLoader.swift in Sources */ = {isa = PBXBuildFile; fileRef = BDB95B3027364D5300E07163 /* RemoteFeedLoader.swift */; };
/* End PBXBuildFile section */

/* Begin PBXContainerItemProxy section */
		BD1ED722276040F200F22B0B /* PBXContainerItemProxy */ = {
			isa = PBXContainerItemProxy;
			containerPortal = BD5F5CCF27320D8D00FB7CB6 /* Project object */;
			proxyType = 1;
			remoteGlobalIDString = BD5F5CD727320D8D00FB7CB6;
			remoteInfo = EssentialFeed;
		};
		BD5F5CE327320D8D00FB7CB6 /* PBXContainerItemProxy */ = {
			isa = PBXContainerItemProxy;
			containerPortal = BD5F5CCF27320D8D00FB7CB6 /* Project object */;
			proxyType = 1;
			remoteGlobalIDString = BD5F5CD727320D8D00FB7CB6;
			remoteInfo = EssentialFeed;
		};
/* End PBXContainerItemProxy section */

/* Begin PBXFileReference section */
		BD1ED71C276040F200F22B0B /* EssentialFeedAPIEndToEndTests.xctest */ = {isa = PBXFileReference; explicitFileType = wrapper.cfbundle; includeInIndex = 0; path = EssentialFeedAPIEndToEndTests.xctest; sourceTree = BUILT_PRODUCTS_DIR; };
		BD1ED71E276040F200F22B0B /* EssentialFeedAPIEndToEndTests.swift */ = {isa = PBXFileReference; lastKnownFileType = sourcecode.swift; path = EssentialFeedAPIEndToEndTests.swift; sourceTree = "<group>"; };
		BD1ED720276040F200F22B0B /* Info.plist */ = {isa = PBXFileReference; lastKnownFileType = text.plist.xml; path = Info.plist; sourceTree = "<group>"; };
		BD1F095727321115000256B6 /* FeedLoader.swift */ = {isa = PBXFileReference; lastKnownFileType = sourcecode.swift; path = FeedLoader.swift; sourceTree = "<group>"; };
		BD1F095B2734B3E4000256B6 /* RemoteFeedLoaderTests.swift */ = {isa = PBXFileReference; lastKnownFileType = sourcecode.swift; path = RemoteFeedLoaderTests.swift; sourceTree = "<group>"; };
		BD36DD9C27589E9300C97081 /* URLSessionHTTPClientTests.swift */ = {isa = PBXFileReference; lastKnownFileType = sourcecode.swift; path = URLSessionHTTPClientTests.swift; sourceTree = "<group>"; };
		BD458806273F5C66007B7EC8 /* HTTPClient.swift */ = {isa = PBXFileReference; lastKnownFileType = sourcecode.swift; path = HTTPClient.swift; sourceTree = "<group>"; };
		BD45880A273F5CB3007B7EC8 /* FeedItemsMapper.swift */ = {isa = PBXFileReference; lastKnownFileType = sourcecode.swift; path = FeedItemsMapper.swift; sourceTree = "<group>"; };
		BD5F5CD827320D8D00FB7CB6 /* EssentialFeed.framework */ = {isa = PBXFileReference; explicitFileType = wrapper.framework; includeInIndex = 0; path = EssentialFeed.framework; sourceTree = BUILT_PRODUCTS_DIR; };
		BD5F5CDB27320D8D00FB7CB6 /* EssentialFeed.h */ = {isa = PBXFileReference; lastKnownFileType = sourcecode.c.h; path = EssentialFeed.h; sourceTree = "<group>"; };
		BD5F5CDC27320D8D00FB7CB6 /* Info.plist */ = {isa = PBXFileReference; lastKnownFileType = text.plist.xml; path = Info.plist; sourceTree = "<group>"; };
		BD5F5CE127320D8D00FB7CB6 /* EssentialFeedTests.xctest */ = {isa = PBXFileReference; explicitFileType = wrapper.cfbundle; includeInIndex = 0; path = EssentialFeedTests.xctest; sourceTree = BUILT_PRODUCTS_DIR; };
		BD5F5CE627320D8D00FB7CB6 /* EssentialFeedTests.swift */ = {isa = PBXFileReference; lastKnownFileType = sourcecode.swift; path = EssentialFeedTests.swift; sourceTree = "<group>"; };
		BD5F5CE827320D8D00FB7CB6 /* Info.plist */ = {isa = PBXFileReference; lastKnownFileType = text.plist.xml; path = Info.plist; sourceTree = "<group>"; };
		BD5F5CF427320EB800FB7CB6 /* FeedItem.swift */ = {isa = PBXFileReference; lastKnownFileType = sourcecode.swift; path = FeedItem.swift; sourceTree = "<group>"; };
		BD979BC3275F3037005249AC /* XCTestCase+MemoryLeakTracking.swift */ = {isa = PBXFileReference; lastKnownFileType = sourcecode.swift; path = "XCTestCase+MemoryLeakTracking.swift"; sourceTree = "<group>"; };
		BD979BC9275F8CF0005249AC /* URLSessionHTTPClient.swift */ = {isa = PBXFileReference; lastKnownFileType = sourcecode.swift; path = URLSessionHTTPClient.swift; sourceTree = "<group>"; };
		BDB95B3027364D5300E07163 /* RemoteFeedLoader.swift */ = {isa = PBXFileReference; lastKnownFileType = sourcecode.swift; path = RemoteFeedLoader.swift; sourceTree = "<group>"; };
/* End PBXFileReference section */

/* Begin PBXFrameworksBuildPhase section */
		BD1ED719276040F200F22B0B /* Frameworks */ = {
			isa = PBXFrameworksBuildPhase;
			buildActionMask = 2147483647;
			files = (
				BD1ED721276040F200F22B0B /* EssentialFeed.framework in Frameworks */,
			);
			runOnlyForDeploymentPostprocessing = 0;
		};
		BD5F5CD527320D8D00FB7CB6 /* Frameworks */ = {
			isa = PBXFrameworksBuildPhase;
			buildActionMask = 2147483647;
			files = (
			);
			runOnlyForDeploymentPostprocessing = 0;
		};
		BD5F5CDE27320D8D00FB7CB6 /* Frameworks */ = {
			isa = PBXFrameworksBuildPhase;
			buildActionMask = 2147483647;
			files = (
				BD5F5CE227320D8D00FB7CB6 /* EssentialFeed.framework in Frameworks */,
			);
			runOnlyForDeploymentPostprocessing = 0;
		};
/* End PBXFrameworksBuildPhase section */

/* Begin PBXGroup section */
		BD1ED71D276040F200F22B0B /* EssentialFeedAPIEndToEndTests */ = {
			isa = PBXGroup;
			children = (
				BD1ED71E276040F200F22B0B /* EssentialFeedAPIEndToEndTests.swift */,
				BD1ED720276040F200F22B0B /* Info.plist */,
			);
			path = EssentialFeedAPIEndToEndTests;
			sourceTree = "<group>";
		};
		BD45880E273FD57A007B7EC8 /* Feed API */ = {
			isa = PBXGroup;
			children = (
				BD979BC2275F3006005249AC /* Helpers */,
				BD1F095B2734B3E4000256B6 /* RemoteFeedLoaderTests.swift */,
				BD36DD9C27589E9300C97081 /* URLSessionHTTPClientTests.swift */,
			);
			path = "Feed API";
			sourceTree = "<group>";
		};
		BD5F5CCE27320D8D00FB7CB6 = {
			isa = PBXGroup;
			children = (
				BD5F5CDA27320D8D00FB7CB6 /* EssentialFeed */,
				BD5F5CE527320D8D00FB7CB6 /* EssentialFeedTests */,
				BD1ED71D276040F200F22B0B /* EssentialFeedAPIEndToEndTests */,
				BD5F5CD927320D8D00FB7CB6 /* Products */,
			);
			sourceTree = "<group>";
		};
		BD5F5CD927320D8D00FB7CB6 /* Products */ = {
			isa = PBXGroup;
			children = (
				BD5F5CD827320D8D00FB7CB6 /* EssentialFeed.framework */,
				BD5F5CE127320D8D00FB7CB6 /* EssentialFeedTests.xctest */,
				BD1ED71C276040F200F22B0B /* EssentialFeedAPIEndToEndTests.xctest */,
			);
			name = Products;
			sourceTree = "<group>";
		};
		BD5F5CDA27320D8D00FB7CB6 /* EssentialFeed */ = {
			isa = PBXGroup;
			children = (
				BD5F5CDB27320D8D00FB7CB6 /* EssentialFeed.h */,
				BD5F5CDC27320D8D00FB7CB6 /* Info.plist */,
				BDB95B2C27364D2400E07163 /* FeedAPI */,
				BDB95B2D27364D3300E07163 /* Feed Feature */,
			);
			path = EssentialFeed;
			sourceTree = "<group>";
		};
		BD5F5CE527320D8D00FB7CB6 /* EssentialFeedTests */ = {
			isa = PBXGroup;
			children = (
				BD5F5CE627320D8D00FB7CB6 /* EssentialFeedTests.swift */,
				BD5F5CE827320D8D00FB7CB6 /* Info.plist */,
				BD45880E273FD57A007B7EC8 /* Feed API */,
			);
			path = EssentialFeedTests;
			sourceTree = "<group>";
		};
		BD979BC2275F3006005249AC /* Helpers */ = {
			isa = PBXGroup;
			children = (
				BD979BC3275F3037005249AC /* XCTestCase+MemoryLeakTracking.swift */,
			);
			path = Helpers;
			sourceTree = "<group>";
		};
		BDB95B2C27364D2400E07163 /* FeedAPI */ = {
			isa = PBXGroup;
			children = (
				BDB95B3027364D5300E07163 /* RemoteFeedLoader.swift */,
				BD458806273F5C66007B7EC8 /* HTTPClient.swift */,
				BD45880A273F5CB3007B7EC8 /* FeedItemsMapper.swift */,
				BD979BC9275F8CF0005249AC /* URLSessionHTTPClient.swift */,
			);
			path = FeedAPI;
			sourceTree = "<group>";
		};
		BDB95B2D27364D3300E07163 /* Feed Feature */ = {
			isa = PBXGroup;
			children = (
				BD5F5CF427320EB800FB7CB6 /* FeedItem.swift */,
				BD1F095727321115000256B6 /* FeedLoader.swift */,
			);
			path = "Feed Feature";
			sourceTree = "<group>";
		};
/* End PBXGroup section */

/* Begin PBXHeadersBuildPhase section */
		BD5F5CD327320D8D00FB7CB6 /* Headers */ = {
			isa = PBXHeadersBuildPhase;
			buildActionMask = 2147483647;
			files = (
				BD5F5CE927320D8D00FB7CB6 /* EssentialFeed.h in Headers */,
			);
			runOnlyForDeploymentPostprocessing = 0;
		};
/* End PBXHeadersBuildPhase section */

/* Begin PBXNativeTarget section */
		BD1ED71B276040F200F22B0B /* EssentialFeedAPIEndToEndTests */ = {
			isa = PBXNativeTarget;
			buildConfigurationList = BD1ED726276040F200F22B0B /* Build configuration list for PBXNativeTarget "EssentialFeedAPIEndToEndTests" */;
			buildPhases = (
				BD1ED718276040F200F22B0B /* Sources */,
				BD1ED719276040F200F22B0B /* Frameworks */,
				BD1ED71A276040F200F22B0B /* Resources */,
			);
			buildRules = (
			);
			dependencies = (
				BD1ED723276040F200F22B0B /* PBXTargetDependency */,
			);
			name = EssentialFeedAPIEndToEndTests;
			productName = EssentialFeedAPIEndToEndTests;
			productReference = BD1ED71C276040F200F22B0B /* EssentialFeedAPIEndToEndTests.xctest */;
			productType = "com.apple.product-type.bundle.unit-test";
		};
		BD5F5CD727320D8D00FB7CB6 /* EssentialFeed */ = {
			isa = PBXNativeTarget;
			buildConfigurationList = BD5F5CEC27320D8D00FB7CB6 /* Build configuration list for PBXNativeTarget "EssentialFeed" */;
			buildPhases = (
				BD5F5CD327320D8D00FB7CB6 /* Headers */,
				BD5F5CD427320D8D00FB7CB6 /* Sources */,
				BD5F5CD527320D8D00FB7CB6 /* Frameworks */,
				BD5F5CD627320D8D00FB7CB6 /* Resources */,
			);
			buildRules = (
			);
			dependencies = (
			);
			name = EssentialFeed;
			productName = EssentialFeed;
			productReference = BD5F5CD827320D8D00FB7CB6 /* EssentialFeed.framework */;
			productType = "com.apple.product-type.framework";
		};
		BD5F5CE027320D8D00FB7CB6 /* EssentialFeedTests */ = {
			isa = PBXNativeTarget;
			buildConfigurationList = BD5F5CEF27320D8D00FB7CB6 /* Build configuration list for PBXNativeTarget "EssentialFeedTests" */;
			buildPhases = (
				BD5F5CDD27320D8D00FB7CB6 /* Sources */,
				BD5F5CDE27320D8D00FB7CB6 /* Frameworks */,
				BD5F5CDF27320D8D00FB7CB6 /* Resources */,
			);
			buildRules = (
			);
			dependencies = (
				BD5F5CE427320D8D00FB7CB6 /* PBXTargetDependency */,
			);
			name = EssentialFeedTests;
			productName = EssentialFeedTests;
			productReference = BD5F5CE127320D8D00FB7CB6 /* EssentialFeedTests.xctest */;
			productType = "com.apple.product-type.bundle.unit-test";
		};
/* End PBXNativeTarget section */

/* Begin PBXProject section */
		BD5F5CCF27320D8D00FB7CB6 /* Project object */ = {
			isa = PBXProject;
			attributes = {
				LastSwiftUpdateCheck = 1240;
				LastUpgradeCheck = 1240;
				TargetAttributes = {
					BD1ED71B276040F200F22B0B = {
						CreatedOnToolsVersion = 12.4;
					};
					BD5F5CD727320D8D00FB7CB6 = {
						CreatedOnToolsVersion = 12.4;
						LastSwiftMigration = 1240;
					};
					BD5F5CE027320D8D00FB7CB6 = {
						CreatedOnToolsVersion = 12.4;
					};
				};
			};
			buildConfigurationList = BD5F5CD227320D8D00FB7CB6 /* Build configuration list for PBXProject "EssentialFeed" */;
			compatibilityVersion = "Xcode 9.3";
			developmentRegion = en;
			hasScannedForEncodings = 0;
			knownRegions = (
				en,
				Base,
			);
			mainGroup = BD5F5CCE27320D8D00FB7CB6;
			productRefGroup = BD5F5CD927320D8D00FB7CB6 /* Products */;
			projectDirPath = "";
			projectRoot = "";
			targets = (
				BD5F5CD727320D8D00FB7CB6 /* EssentialFeed */,
				BD5F5CE027320D8D00FB7CB6 /* EssentialFeedTests */,
				BD1ED71B276040F200F22B0B /* EssentialFeedAPIEndToEndTests */,
			);
		};
/* End PBXProject section */

/* Begin PBXResourcesBuildPhase section */
		BD1ED71A276040F200F22B0B /* Resources */ = {
			isa = PBXResourcesBuildPhase;
			buildActionMask = 2147483647;
			files = (
			);
			runOnlyForDeploymentPostprocessing = 0;
		};
		BD5F5CD627320D8D00FB7CB6 /* Resources */ = {
			isa = PBXResourcesBuildPhase;
			buildActionMask = 2147483647;
			files = (
			);
			runOnlyForDeploymentPostprocessing = 0;
		};
		BD5F5CDF27320D8D00FB7CB6 /* Resources */ = {
			isa = PBXResourcesBuildPhase;
			buildActionMask = 2147483647;
			files = (
			);
			runOnlyForDeploymentPostprocessing = 0;
		};
/* End PBXResourcesBuildPhase section */

/* Begin PBXSourcesBuildPhase section */
		BD1ED718276040F200F22B0B /* Sources */ = {
			isa = PBXSourcesBuildPhase;
			buildActionMask = 2147483647;
			files = (
				BD1ED71F276040F200F22B0B /* EssentialFeedAPIEndToEndTests.swift in Sources */,
			);
			runOnlyForDeploymentPostprocessing = 0;
		};
		BD5F5CD427320D8D00FB7CB6 /* Sources */ = {
			isa = PBXSourcesBuildPhase;
			buildActionMask = 2147483647;
			files = (
				BD45880B273F5CB3007B7EC8 /* FeedItemsMapper.swift in Sources */,
				BD1F095827321115000256B6 /* FeedLoader.swift in Sources */,
				BDB95B3127364D5300E07163 /* RemoteFeedLoader.swift in Sources */,
				BD458807273F5C66007B7EC8 /* HTTPClient.swift in Sources */,
				BD5F5CF527320EB800FB7CB6 /* FeedItem.swift in Sources */,
				BD979BCA275F8CF0005249AC /* URLSessionHTTPClient.swift in Sources */,
			);
			runOnlyForDeploymentPostprocessing = 0;
		};
		BD5F5CDD27320D8D00FB7CB6 /* Sources */ = {
			isa = PBXSourcesBuildPhase;
			buildActionMask = 2147483647;
			files = (
				BD1F095C2734B3E4000256B6 /* RemoteFeedLoaderTests.swift in Sources */,
				BD979BC4275F3037005249AC /* XCTestCase+MemoryLeakTracking.swift in Sources */,
				BD36DD9D27589E9300C97081 /* URLSessionHTTPClientTests.swift in Sources */,
				BD5F5CE727320D8D00FB7CB6 /* EssentialFeedTests.swift in Sources */,
			);
			runOnlyForDeploymentPostprocessing = 0;
		};
/* End PBXSourcesBuildPhase section */

/* Begin PBXTargetDependency section */
		BD1ED723276040F200F22B0B /* PBXTargetDependency */ = {
			isa = PBXTargetDependency;
			target = BD5F5CD727320D8D00FB7CB6 /* EssentialFeed */;
			targetProxy = BD1ED722276040F200F22B0B /* PBXContainerItemProxy */;
		};
		BD5F5CE427320D8D00FB7CB6 /* PBXTargetDependency */ = {
			isa = PBXTargetDependency;
			target = BD5F5CD727320D8D00FB7CB6 /* EssentialFeed */;
			targetProxy = BD5F5CE327320D8D00FB7CB6 /* PBXContainerItemProxy */;
		};
/* End PBXTargetDependency section */

/* Begin XCBuildConfiguration section */
		BD1ED724276040F200F22B0B /* Debug */ = {
			isa = XCBuildConfiguration;
			buildSettings = {
				CODE_SIGN_STYLE = Automatic;
				COMBINE_HIDPI_IMAGES = YES;
				DEVELOPMENT_TEAM = Z65RY352B5;
				INFOPLIST_FILE = EssentialFeedAPIEndToEndTests/Info.plist;
				LD_RUNPATH_SEARCH_PATHS = (
					"$(inherited)",
					"@executable_path/../Frameworks",
					"@loader_path/../Frameworks",
				);
				PRODUCT_BUNDLE_IDENTIFIER = com.practise.EssentialFeedAPIEndToEndTests;
				PRODUCT_NAME = "$(TARGET_NAME)";
				SWIFT_VERSION = 5.0;
			};
			name = Debug;
		};
		BD1ED725276040F200F22B0B /* Release */ = {
			isa = XCBuildConfiguration;
			buildSettings = {
				CODE_SIGN_STYLE = Automatic;
				COMBINE_HIDPI_IMAGES = YES;
				DEVELOPMENT_TEAM = Z65RY352B5;
				INFOPLIST_FILE = EssentialFeedAPIEndToEndTests/Info.plist;
				LD_RUNPATH_SEARCH_PATHS = (
					"$(inherited)",
					"@executable_path/../Frameworks",
					"@loader_path/../Frameworks",
				);
				PRODUCT_BUNDLE_IDENTIFIER = com.practise.EssentialFeedAPIEndToEndTests;
				PRODUCT_NAME = "$(TARGET_NAME)";
				SWIFT_VERSION = 5.0;
			};
			name = Release;
		};
		BD5F5CEA27320D8D00FB7CB6 /* Debug */ = {
			isa = XCBuildConfiguration;
			buildSettings = {
				ALWAYS_SEARCH_USER_PATHS = NO;
				CLANG_ANALYZER_NONNULL = YES;
				CLANG_ANALYZER_NUMBER_OBJECT_CONVERSION = YES_AGGRESSIVE;
				CLANG_CXX_LANGUAGE_STANDARD = "gnu++14";
				CLANG_CXX_LIBRARY = "libc++";
				CLANG_ENABLE_MODULES = YES;
				CLANG_ENABLE_OBJC_ARC = YES;
				CLANG_ENABLE_OBJC_WEAK = YES;
				CLANG_WARN_BLOCK_CAPTURE_AUTORELEASING = YES;
				CLANG_WARN_BOOL_CONVERSION = YES;
				CLANG_WARN_COMMA = YES;
				CLANG_WARN_CONSTANT_CONVERSION = YES;
				CLANG_WARN_DEPRECATED_OBJC_IMPLEMENTATIONS = YES;
				CLANG_WARN_DIRECT_OBJC_ISA_USAGE = YES_ERROR;
				CLANG_WARN_DOCUMENTATION_COMMENTS = YES;
				CLANG_WARN_EMPTY_BODY = YES;
				CLANG_WARN_ENUM_CONVERSION = YES;
				CLANG_WARN_INFINITE_RECURSION = YES;
				CLANG_WARN_INT_CONVERSION = YES;
				CLANG_WARN_NON_LITERAL_NULL_CONVERSION = YES;
				CLANG_WARN_OBJC_IMPLICIT_RETAIN_SELF = YES;
				CLANG_WARN_OBJC_LITERAL_CONVERSION = YES;
				CLANG_WARN_OBJC_ROOT_CLASS = YES_ERROR;
				CLANG_WARN_QUOTED_INCLUDE_IN_FRAMEWORK_HEADER = YES;
				CLANG_WARN_RANGE_LOOP_ANALYSIS = YES;
				CLANG_WARN_STRICT_PROTOTYPES = YES;
				CLANG_WARN_SUSPICIOUS_MOVE = YES;
				CLANG_WARN_UNGUARDED_AVAILABILITY = YES_AGGRESSIVE;
				CLANG_WARN_UNREACHABLE_CODE = YES;
				CLANG_WARN__DUPLICATE_METHOD_MATCH = YES;
				COPY_PHASE_STRIP = NO;
				CURRENT_PROJECT_VERSION = 1;
				DEBUG_INFORMATION_FORMAT = dwarf;
				ENABLE_STRICT_OBJC_MSGSEND = YES;
				ENABLE_TESTABILITY = YES;
				GCC_C_LANGUAGE_STANDARD = gnu11;
				GCC_DYNAMIC_NO_PIC = NO;
				GCC_NO_COMMON_BLOCKS = YES;
				GCC_OPTIMIZATION_LEVEL = 0;
				GCC_PREPROCESSOR_DEFINITIONS = (
					"DEBUG=1",
					"$(inherited)",
				);
				GCC_WARN_64_TO_32_BIT_CONVERSION = YES;
				GCC_WARN_ABOUT_RETURN_TYPE = YES_ERROR;
				GCC_WARN_UNDECLARED_SELECTOR = YES;
				GCC_WARN_UNINITIALIZED_AUTOS = YES_AGGRESSIVE;
				GCC_WARN_UNUSED_FUNCTION = YES;
				GCC_WARN_UNUSED_VARIABLE = YES;
				MACOSX_DEPLOYMENT_TARGET = 11.1;
				MTL_ENABLE_DEBUG_INFO = INCLUDE_SOURCE;
				MTL_FAST_MATH = YES;
				ONLY_ACTIVE_ARCH = YES;
				SDKROOT = macosx;
				SWIFT_ACTIVE_COMPILATION_CONDITIONS = DEBUG;
				SWIFT_OPTIMIZATION_LEVEL = "-Onone";
				VERSIONING_SYSTEM = "apple-generic";
				VERSION_INFO_PREFIX = "";
			};
			name = Debug;
		};
		BD5F5CEB27320D8D00FB7CB6 /* Release */ = {
			isa = XCBuildConfiguration;
			buildSettings = {
				ALWAYS_SEARCH_USER_PATHS = NO;
				CLANG_ANALYZER_NONNULL = YES;
				CLANG_ANALYZER_NUMBER_OBJECT_CONVERSION = YES_AGGRESSIVE;
				CLANG_CXX_LANGUAGE_STANDARD = "gnu++14";
				CLANG_CXX_LIBRARY = "libc++";
				CLANG_ENABLE_MODULES = YES;
				CLANG_ENABLE_OBJC_ARC = YES;
				CLANG_ENABLE_OBJC_WEAK = YES;
				CLANG_WARN_BLOCK_CAPTURE_AUTORELEASING = YES;
				CLANG_WARN_BOOL_CONVERSION = YES;
				CLANG_WARN_COMMA = YES;
				CLANG_WARN_CONSTANT_CONVERSION = YES;
				CLANG_WARN_DEPRECATED_OBJC_IMPLEMENTATIONS = YES;
				CLANG_WARN_DIRECT_OBJC_ISA_USAGE = YES_ERROR;
				CLANG_WARN_DOCUMENTATION_COMMENTS = YES;
				CLANG_WARN_EMPTY_BODY = YES;
				CLANG_WARN_ENUM_CONVERSION = YES;
				CLANG_WARN_INFINITE_RECURSION = YES;
				CLANG_WARN_INT_CONVERSION = YES;
				CLANG_WARN_NON_LITERAL_NULL_CONVERSION = YES;
				CLANG_WARN_OBJC_IMPLICIT_RETAIN_SELF = YES;
				CLANG_WARN_OBJC_LITERAL_CONVERSION = YES;
				CLANG_WARN_OBJC_ROOT_CLASS = YES_ERROR;
				CLANG_WARN_QUOTED_INCLUDE_IN_FRAMEWORK_HEADER = YES;
				CLANG_WARN_RANGE_LOOP_ANALYSIS = YES;
				CLANG_WARN_STRICT_PROTOTYPES = YES;
				CLANG_WARN_SUSPICIOUS_MOVE = YES;
				CLANG_WARN_UNGUARDED_AVAILABILITY = YES_AGGRESSIVE;
				CLANG_WARN_UNREACHABLE_CODE = YES;
				CLANG_WARN__DUPLICATE_METHOD_MATCH = YES;
				COPY_PHASE_STRIP = NO;
				CURRENT_PROJECT_VERSION = 1;
				DEBUG_INFORMATION_FORMAT = "dwarf-with-dsym";
				ENABLE_NS_ASSERTIONS = NO;
				ENABLE_STRICT_OBJC_MSGSEND = YES;
				GCC_C_LANGUAGE_STANDARD = gnu11;
				GCC_NO_COMMON_BLOCKS = YES;
				GCC_WARN_64_TO_32_BIT_CONVERSION = YES;
				GCC_WARN_ABOUT_RETURN_TYPE = YES_ERROR;
				GCC_WARN_UNDECLARED_SELECTOR = YES;
				GCC_WARN_UNINITIALIZED_AUTOS = YES_AGGRESSIVE;
				GCC_WARN_UNUSED_FUNCTION = YES;
				GCC_WARN_UNUSED_VARIABLE = YES;
				MACOSX_DEPLOYMENT_TARGET = 11.1;
				MTL_ENABLE_DEBUG_INFO = NO;
				MTL_FAST_MATH = YES;
				SDKROOT = macosx;
				SWIFT_COMPILATION_MODE = wholemodule;
				SWIFT_OPTIMIZATION_LEVEL = "-O";
				VERSIONING_SYSTEM = "apple-generic";
				VERSION_INFO_PREFIX = "";
			};
			name = Release;
		};
		BD5F5CED27320D8D00FB7CB6 /* Debug */ = {
			isa = XCBuildConfiguration;
			buildSettings = {
				CLANG_ENABLE_MODULES = YES;
				CODE_SIGN_STYLE = Automatic;
				COMBINE_HIDPI_IMAGES = YES;
				DEFINES_MODULE = YES;
				DEVELOPMENT_TEAM = Z65RY352B5;
				DYLIB_COMPATIBILITY_VERSION = 1;
				DYLIB_CURRENT_VERSION = 1;
				DYLIB_INSTALL_NAME_BASE = "@rpath";
				INFOPLIST_FILE = EssentialFeed/Info.plist;
				INSTALL_PATH = "$(LOCAL_LIBRARY_DIR)/Frameworks";
				LD_RUNPATH_SEARCH_PATHS = (
					"$(inherited)",
					"@executable_path/../Frameworks",
					"@loader_path/Frameworks",
				);
				PRODUCT_BUNDLE_IDENTIFIER = com.practise.EssentialFeed;
				PRODUCT_NAME = "$(TARGET_NAME:c99extidentifier)";
				SKIP_INSTALL = YES;
				SWIFT_OPTIMIZATION_LEVEL = "-Onone";
				SWIFT_VERSION = 5.0;
			};
			name = Debug;
		};
		BD5F5CEE27320D8D00FB7CB6 /* Release */ = {
			isa = XCBuildConfiguration;
			buildSettings = {
				CLANG_ENABLE_MODULES = YES;
				CODE_SIGN_STYLE = Automatic;
				COMBINE_HIDPI_IMAGES = YES;
				DEFINES_MODULE = YES;
				DEVELOPMENT_TEAM = Z65RY352B5;
				DYLIB_COMPATIBILITY_VERSION = 1;
				DYLIB_CURRENT_VERSION = 1;
				DYLIB_INSTALL_NAME_BASE = "@rpath";
				INFOPLIST_FILE = EssentialFeed/Info.plist;
				INSTALL_PATH = "$(LOCAL_LIBRARY_DIR)/Frameworks";
				LD_RUNPATH_SEARCH_PATHS = (
					"$(inherited)",
					"@executable_path/../Frameworks",
					"@loader_path/Frameworks",
				);
				PRODUCT_BUNDLE_IDENTIFIER = com.practise.EssentialFeed;
				PRODUCT_NAME = "$(TARGET_NAME:c99extidentifier)";
				SKIP_INSTALL = YES;
				SWIFT_VERSION = 5.0;
			};
			name = Release;
		};
		BD5F5CF027320D8D00FB7CB6 /* Debug */ = {
			isa = XCBuildConfiguration;
			buildSettings = {
				ALWAYS_EMBED_SWIFT_STANDARD_LIBRARIES = YES;
				CODE_SIGN_STYLE = Automatic;
				COMBINE_HIDPI_IMAGES = YES;
				DEVELOPMENT_TEAM = Z65RY352B5;
				INFOPLIST_FILE = EssentialFeedTests/Info.plist;
				LD_RUNPATH_SEARCH_PATHS = (
					"$(inherited)",
					"@executable_path/../Frameworks",
					"@loader_path/../Frameworks",
				);
				PRODUCT_BUNDLE_IDENTIFIER = com.practise.EssentialFeedTests;
				PRODUCT_NAME = "$(TARGET_NAME)";
				SWIFT_VERSION = 5.0;
			};
			name = Debug;
		};
		BD5F5CF127320D8D00FB7CB6 /* Release */ = {
			isa = XCBuildConfiguration;
			buildSettings = {
				ALWAYS_EMBED_SWIFT_STANDARD_LIBRARIES = YES;
				CODE_SIGN_STYLE = Automatic;
				COMBINE_HIDPI_IMAGES = YES;
				DEVELOPMENT_TEAM = Z65RY352B5;
				INFOPLIST_FILE = EssentialFeedTests/Info.plist;
				LD_RUNPATH_SEARCH_PATHS = (
					"$(inherited)",
					"@executable_path/../Frameworks",
					"@loader_path/../Frameworks",
				);
				PRODUCT_BUNDLE_IDENTIFIER = com.practise.EssentialFeedTests;
				PRODUCT_NAME = "$(TARGET_NAME)";
				SWIFT_VERSION = 5.0;
			};
			name = Release;
		};
/* End XCBuildConfiguration section */

/* Begin XCConfigurationList section */
		BD1ED726276040F200F22B0B /* Build configuration list for PBXNativeTarget "EssentialFeedAPIEndToEndTests" */ = {
			isa = XCConfigurationList;
			buildConfigurations = (
				BD1ED724276040F200F22B0B /* Debug */,
				BD1ED725276040F200F22B0B /* Release */,
			);
			defaultConfigurationIsVisible = 0;
			defaultConfigurationName = Release;
		};
		BD5F5CD227320D8D00FB7CB6 /* Build configuration list for PBXProject "EssentialFeed" */ = {
			isa = XCConfigurationList;
			buildConfigurations = (
				BD5F5CEA27320D8D00FB7CB6 /* Debug */,
				BD5F5CEB27320D8D00FB7CB6 /* Release */,
			);
			defaultConfigurationIsVisible = 0;
			defaultConfigurationName = Release;
		};
		BD5F5CEC27320D8D00FB7CB6 /* Build configuration list for PBXNativeTarget "EssentialFeed" */ = {
			isa = XCConfigurationList;
			buildConfigurations = (
				BD5F5CED27320D8D00FB7CB6 /* Debug */,
				BD5F5CEE27320D8D00FB7CB6 /* Release */,
			);
			defaultConfigurationIsVisible = 0;
			defaultConfigurationName = Release;
		};
		BD5F5CEF27320D8D00FB7CB6 /* Build configuration list for PBXNativeTarget "EssentialFeedTests" */ = {
			isa = XCConfigurationList;
			buildConfigurations = (
				BD5F5CF027320D8D00FB7CB6 /* Debug */,
				BD5F5CF127320D8D00FB7CB6 /* Release */,
			);
			defaultConfigurationIsVisible = 0;
			defaultConfigurationName = Release;
		};
/* End XCConfigurationList section */
	};
	rootObject = BD5F5CCF27320D8D00FB7CB6 /* Project object */;
}
